// !$*UTF8*$!
{
	archiveVersion = 1;
	classes = {
	};
	objectVersion = 46;
	objects = {

/* Begin PBXBuildFile section */
		13B07FBC1A68108700A75B9A /* AppDelegate.m in Sources */ = {isa = PBXBuildFile; fileRef = 13B07FB01A68108700A75B9A /* AppDelegate.m */; };
		13B07FBD1A68108700A75B9A /* LaunchScreen.xib in Resources */ = {isa = PBXBuildFile; fileRef = 13B07FB11A68108700A75B9A /* LaunchScreen.xib */; };
		13B07FC11A68108700A75B9A /* main.m in Sources */ = {isa = PBXBuildFile; fileRef = 13B07FB71A68108700A75B9A /* main.m */; };
		3E461D99554A48A4959DE609 /* SplashScreen.storyboard in Resources */ = {isa = PBXBuildFile; fileRef = AA286B85B6C04FC6940260E9 /* SplashScreen.storyboard */; };
		A07DC429A48441BE9B3B10E5 /* noop-file.swift in Sources */ = {isa = PBXBuildFile; fileRef = 2EA8A8F9F0584CBF9E39F517 /* noop-file.swift */; };
		BB2F792D24A3F905000567C9 /* Expo.plist in Resources */ = {isa = PBXBuildFile; fileRef = BB2F792C24A3F905000567C9 /* Expo.plist */; };
/* End PBXBuildFile section */

/* Begin PBXFileReference section */
		008F07F21AC5B25A0029DE68 /* main.jsbundle */ = {isa = PBXFileReference; fileEncoding = 4; lastKnownFileType = text; path = main.jsbundle; sourceTree = "<group>"; };
		13B07F961A680F5B00A75B9A /* flowers-delivery-app.app */ = {isa = PBXFileReference; explicitFileType = wrapper.application; includeInIndex = 0; path = "flowers-delivery-app.app"; sourceTree = BUILT_PRODUCTS_DIR; };
		13B07FAF1A68108700A75B9A /* AppDelegate.h */ = {isa = PBXFileReference; fileEncoding = 4; lastKnownFileType = sourcecode.c.h; name = AppDelegate.h; path = flowersdeliveryapp/AppDelegate.h; sourceTree = "<group>"; };
		13B07FB01A68108700A75B9A /* AppDelegate.m */ = {isa = PBXFileReference; fileEncoding = 4; lastKnownFileType = sourcecode.c.objc; name = AppDelegate.m; path = flowersdeliveryapp/AppDelegate.m; sourceTree = "<group>"; };
		13B07FB21A68108700A75B9A /* Base */ = {isa = PBXFileReference; lastKnownFileType = file.xib; name = Base; path = Base.lproj/LaunchScreen.xib; sourceTree = "<group>"; };
		13B07FB51A68108700A75B9A /* Images.xcassets */ = {isa = PBXFileReference; lastKnownFileType = folder.assetcatalog; name = Images.xcassets; path = flowersdeliveryapp/Images.xcassets; sourceTree = "<group>"; };
		13B07FB61A68108700A75B9A /* Info.plist */ = {isa = PBXFileReference; fileEncoding = 4; lastKnownFileType = text.plist.xml; name = Info.plist; path = flowersdeliveryapp/Info.plist; sourceTree = "<group>"; };
		13B07FB71A68108700A75B9A /* main.m */ = {isa = PBXFileReference; fileEncoding = 4; lastKnownFileType = sourcecode.c.objc; name = main.m; path = flowersdeliveryapp/main.m; sourceTree = "<group>"; };
		2EA8A8F9F0584CBF9E39F517 /* noop-file.swift */ = {isa = PBXFileReference; explicitFileType = undefined; fileEncoding = 4; includeInIndex = 0; lastKnownFileType = sourcecode.swift; name = "noop-file.swift"; path = "flowersdeliveryapp/noop-file.swift"; sourceTree = "<group>"; };
		58EEBF8E8E6FB1BC6CAF49B5 /* libPods-flowersdeliveryapp.a */ = {isa = PBXFileReference; explicitFileType = archive.ar; includeInIndex = 0; path = "libPods-flowersdeliveryapp.a"; sourceTree = BUILT_PRODUCTS_DIR; };
		6C2E3173556A471DD304B334 /* Pods-flowersdeliveryapp.debug.xcconfig */ = {isa = PBXFileReference; includeInIndex = 1; lastKnownFileType = text.xcconfig; name = "Pods-flowersdeliveryapp.debug.xcconfig"; path = "Target Support Files/Pods-flowersdeliveryapp/Pods-flowersdeliveryapp.debug.xcconfig"; sourceTree = "<group>"; };
		7A4D352CD337FB3A3BF06240 /* Pods-flowersdeliveryapp.release.xcconfig */ = {isa = PBXFileReference; includeInIndex = 1; lastKnownFileType = text.xcconfig; name = "Pods-flowersdeliveryapp.release.xcconfig"; path = "Target Support Files/Pods-flowersdeliveryapp/Pods-flowersdeliveryapp.release.xcconfig"; sourceTree = "<group>"; };
		AA286B85B6C04FC6940260E9 /* SplashScreen.storyboard */ = {isa = PBXFileReference; fileEncoding = 4; lastKnownFileType = file.storyboard; name = SplashScreen.storyboard; path = flowersdeliveryapp/SplashScreen.storyboard; sourceTree = "<group>"; };
		AEF901CA496745B5AFA10F3E /* flowersdeliveryapp-Bridging-Header.h */ = {isa = PBXFileReference; explicitFileType = undefined; fileEncoding = 4; includeInIndex = 0; lastKnownFileType = sourcecode.c.h; name = "flowersdeliveryapp-Bridging-Header.h"; path = "flowersdeliveryapp/flowersdeliveryapp-Bridging-Header.h"; sourceTree = "<group>"; };
		BB2F792C24A3F905000567C9 /* Expo.plist */ = {isa = PBXFileReference; fileEncoding = 4; lastKnownFileType = text.plist.xml; path = Expo.plist; sourceTree = "<group>"; };
		ED297162215061F000B7C4FE /* JavaScriptCore.framework */ = {isa = PBXFileReference; lastKnownFileType = wrapper.framework; name = JavaScriptCore.framework; path = System/Library/Frameworks/JavaScriptCore.framework; sourceTree = SDKROOT; };
		ED2971642150620600B7C4FE /* JavaScriptCore.framework */ = {isa = PBXFileReference; lastKnownFileType = wrapper.framework; name = JavaScriptCore.framework; path = Platforms/AppleTVOS.platform/Developer/SDKs/AppleTVOS12.0.sdk/System/Library/Frameworks/JavaScriptCore.framework; sourceTree = DEVELOPER_DIR; };
/* End PBXFileReference section */

/* Begin PBXFrameworksBuildPhase section */
		13B07F8C1A680F5B00A75B9A /* Frameworks */ = {
			isa = PBXFrameworksBuildPhase;
			buildActionMask = 2147483647;
			files = (
			);
			runOnlyForDeploymentPostprocessing = 0;
		};
/* End PBXFrameworksBuildPhase section */

/* Begin PBXGroup section */
		13B07FAE1A68108700A75B9A /* flowersdeliveryapp */ = {
			isa = PBXGroup;
			children = (
				BB2F792B24A3F905000567C9 /* Supporting */,
				008F07F21AC5B25A0029DE68 /* main.jsbundle */,
				13B07FAF1A68108700A75B9A /* AppDelegate.h */,
				13B07FB01A68108700A75B9A /* AppDelegate.m */,
				13B07FB51A68108700A75B9A /* Images.xcassets */,
				13B07FB61A68108700A75B9A /* Info.plist */,
				13B07FB11A68108700A75B9A /* LaunchScreen.xib */,
				13B07FB71A68108700A75B9A /* main.m */,
				AA286B85B6C04FC6940260E9 /* SplashScreen.storyboard */,
				2EA8A8F9F0584CBF9E39F517 /* noop-file.swift */,
				AEF901CA496745B5AFA10F3E /* flowersdeliveryapp-Bridging-Header.h */,
			);
			name = flowersdeliveryapp;
			sourceTree = "<group>";
		};
		2D16E6871FA4F8E400B85C8A /* Frameworks */ = {
			isa = PBXGroup;
			children = (
				ED297162215061F000B7C4FE /* JavaScriptCore.framework */,
				ED2971642150620600B7C4FE /* JavaScriptCore.framework */,
				58EEBF8E8E6FB1BC6CAF49B5 /* libPods-flowersdeliveryapp.a */,
			);
			name = Frameworks;
			sourceTree = "<group>";
		};
		832341AE1AAA6A7D00B99B32 /* Libraries */ = {
			isa = PBXGroup;
			children = (
			);
			name = Libraries;
			sourceTree = "<group>";
		};
		83CBB9F61A601CBA00E9B192 = {
			isa = PBXGroup;
			children = (
				13B07FAE1A68108700A75B9A /* flowersdeliveryapp */,
				832341AE1AAA6A7D00B99B32 /* Libraries */,
				83CBBA001A601CBA00E9B192 /* Products */,
				2D16E6871FA4F8E400B85C8A /* Frameworks */,
				D65327D7A22EEC0BE12398D9 /* Pods */,
			);
			indentWidth = 2;
			sourceTree = "<group>";
			tabWidth = 2;
			usesTabs = 0;
		};
		83CBBA001A601CBA00E9B192 /* Products */ = {
			isa = PBXGroup;
			children = (
				13B07F961A680F5B00A75B9A /* flowers-delivery-app.app */,
			);
			name = Products;
			sourceTree = "<group>";
		};
		BB2F792B24A3F905000567C9 /* Supporting */ = {
			isa = PBXGroup;
			children = (
				BB2F792C24A3F905000567C9 /* Expo.plist */,
			);
			name = Supporting;
			path = flowersdeliveryapp/Supporting;
			sourceTree = "<group>";
		};
		D65327D7A22EEC0BE12398D9 /* Pods */ = {
			isa = PBXGroup;
			children = (
				6C2E3173556A471DD304B334 /* Pods-flowersdeliveryapp.debug.xcconfig */,
				7A4D352CD337FB3A3BF06240 /* Pods-flowersdeliveryapp.release.xcconfig */,
			);
			path = Pods;
			sourceTree = "<group>";
		};
/* End PBXGroup section */

/* Begin PBXNativeTarget section */
		13B07F861A680F5B00A75B9A /* flowersdeliveryapp */ = {
			isa = PBXNativeTarget;
			buildConfigurationList = 13B07F931A680F5B00A75B9A /* Build configuration list for PBXNativeTarget "flowersdeliveryapp" */;
			buildPhases = (
				08A4A3CD28434E44B6B9DE2E /* [CP] Check Pods Manifest.lock */,
				FD10A7F022414F080027D42C /* Start Packager */,
				13B07F871A680F5B00A75B9A /* Sources */,
				13B07F8C1A680F5B00A75B9A /* Frameworks */,
				13B07F8E1A680F5B00A75B9A /* Resources */,
				00DD1BFF1BD5951E006B06BC /* Bundle React Native code and images */,
				800E24972A6A228C8D4807E9 /* [CP] Copy Pods Resources */,
			);
			buildRules = (
			);
			dependencies = (
			);
			name = flowersdeliveryapp;
			productName = flowersdeliveryapp;
			productReference = 13B07F961A680F5B00A75B9A /* flowers-delivery-app.app */;
			productType = "com.apple.product-type.application";
		};
/* End PBXNativeTarget section */

/* Begin PBXProject section */
		83CBB9F71A601CBA00E9B192 /* Project object */ = {
			isa = PBXProject;
			attributes = {
				LastUpgradeCheck = 1130;
				TargetAttributes = {
					13B07F861A680F5B00A75B9A = {
						DevelopmentTeam = N7RTM66358;
						LastSwiftMigration = 1120;
					};
				};
			};
			buildConfigurationList = 83CBB9FA1A601CBA00E9B192 /* Build configuration list for PBXProject "flowersdeliveryapp" */;
			compatibilityVersion = "Xcode 3.2";
			developmentRegion = en;
			hasScannedForEncodings = 0;
			knownRegions = (
				en,
				Base,
			);
			mainGroup = 83CBB9F61A601CBA00E9B192;
			productRefGroup = 83CBBA001A601CBA00E9B192 /* Products */;
			projectDirPath = "";
			projectRoot = "";
			targets = (
				13B07F861A680F5B00A75B9A /* flowersdeliveryapp */,
			);
		};
/* End PBXProject section */

/* Begin PBXResourcesBuildPhase section */
		13B07F8E1A680F5B00A75B9A /* Resources */ = {
			isa = PBXResourcesBuildPhase;
			buildActionMask = 2147483647;
			files = (
				BB2F792D24A3F905000567C9 /* Expo.plist in Resources */,
				13B07FBD1A68108700A75B9A /* LaunchScreen.xib in Resources */,
				3E461D99554A48A4959DE609 /* SplashScreen.storyboard in Resources */,
			);
			runOnlyForDeploymentPostprocessing = 0;
		};
/* End PBXResourcesBuildPhase section */

/* Begin PBXShellScriptBuildPhase section */
		00DD1BFF1BD5951E006B06BC /* Bundle React Native code and images */ = {
			isa = PBXShellScriptBuildPhase;
			buildActionMask = 2147483647;
			files = (
			);
			inputPaths = (
			);
			name = "Bundle React Native code and images";
			outputPaths = (
			);
			runOnlyForDeploymentPostprocessing = 0;
			shellPath = /bin/sh;
			shellScript = "export NODE_BINARY=node\n../node_modules/react-native/scripts/react-native-xcode.sh\n../node_modules/expo-constants/scripts/get-app-config-ios.sh\n../node_modules/expo-updates/scripts/create-manifest-ios.sh\n";
		};
		08A4A3CD28434E44B6B9DE2E /* [CP] Check Pods Manifest.lock */ = {
			isa = PBXShellScriptBuildPhase;
			buildActionMask = 2147483647;
			files = (
			);
			inputFileListPaths = (
			);
			inputPaths = (
				"${PODS_PODFILE_DIR_PATH}/Podfile.lock",
				"${PODS_ROOT}/Manifest.lock",
			);
			name = "[CP] Check Pods Manifest.lock";
			outputFileListPaths = (
			);
			outputPaths = (
				"$(DERIVED_FILE_DIR)/Pods-flowersdeliveryapp-checkManifestLockResult.txt",
			);
			runOnlyForDeploymentPostprocessing = 0;
			shellPath = /bin/sh;
			shellScript = "diff \"${PODS_PODFILE_DIR_PATH}/Podfile.lock\" \"${PODS_ROOT}/Manifest.lock\" > /dev/null\nif [ $? != 0 ] ; then\n    # print error to STDERR\n    echo \"error: The sandbox is not in sync with the Podfile.lock. Run 'pod install' or update your CocoaPods installation.\" >&2\n    exit 1\nfi\n# This output is used by Xcode 'outputs' to avoid re-running this script phase.\necho \"SUCCESS\" > \"${SCRIPT_OUTPUT_FILE_0}\"\n";
			showEnvVarsInLog = 0;
		};
		800E24972A6A228C8D4807E9 /* [CP] Copy Pods Resources */ = {
			isa = PBXShellScriptBuildPhase;
			buildActionMask = 2147483647;
			files = (
			);
			inputPaths = (
				"${PODS_ROOT}/Target Support Files/Pods-flowersdeliveryapp/Pods-flowersdeliveryapp-resources.sh",
				"${PODS_ROOT}/ASDKUI/ASDKUI/Resources/ASDKUIImages.xcassets/buttom_logos.imageset/buttom_logos.pdf",
				"${PODS_ROOT}/ASDKUI/ASDKUI/Resources/ASDKUIImages.xcassets/buttom_logos.imageset/buttom_logos_dark.pdf",
				"${PODS_ROOT}/ASDKUI/ASDKUI/Resources/ASDKUIImages.xcassets/buttom_logos.imageset/Contents.json",
				"${PODS_ROOT}/ASDKUI/ASDKUI/Resources/ASDKUIImages.xcassets/check_green.imageset/check_green.pdf",
				"${PODS_ROOT}/ASDKUI/ASDKUI/Resources/ASDKUIImages.xcassets/check_green.imageset/Contents.json",
				"${PODS_ROOT}/ASDKUI/ASDKUI/Resources/ASDKUIImages.xcassets/Contents.json",
				"${PODS_ROOT}/ASDKUI/ASDKUI/Resources/ASDKUIImages.xcassets/delete.imageset/Contents.json",
				"${PODS_ROOT}/ASDKUI/ASDKUI/Resources/ASDKUIImages.xcassets/delete.imageset/delete.pdf",
				"${PODS_ROOT}/ASDKUI/ASDKUI/Resources/ASDKUIImages.xcassets/delete_icon.imageset/Contents.json",
				"${PODS_ROOT}/ASDKUI/ASDKUI/Resources/ASDKUIImages.xcassets/delete_icon.imageset/delete_icon.pdf",
				"${PODS_ROOT}/ASDKUI/ASDKUI/Resources/ASDKUIImages.xcassets/next_grey.imageset/Contents.json",
				"${PODS_ROOT}/ASDKUI/ASDKUI/Resources/ASDKUIImages.xcassets/next_grey.imageset/next_grey.pdf",
				"${PODS_ROOT}/ASDKUI/ASDKUI/Resources/ASDKUIImages.xcassets/next_white.imageset/Contents.json",
				"${PODS_ROOT}/ASDKUI/ASDKUI/Resources/ASDKUIImages.xcassets/next_white.imageset/next_white.pdf",
				"${PODS_ROOT}/ASDKUI/ASDKUI/Resources/ASDKUIImages.xcassets/psIconMaestro.imageset/Contents.json",
				"${PODS_ROOT}/ASDKUI/ASDKUI/Resources/ASDKUIImages.xcassets/psIconMaestro.imageset/psIconMaestro.pdf",
				"${PODS_ROOT}/ASDKUI/ASDKUI/Resources/ASDKUIImages.xcassets/psIconMastercard.imageset/Contents.json",
				"${PODS_ROOT}/ASDKUI/ASDKUI/Resources/ASDKUIImages.xcassets/psIconMastercard.imageset/psIconMastercard.pdf",
				"${PODS_ROOT}/ASDKUI/ASDKUI/Resources/ASDKUIImages.xcassets/psIconMir.imageset/Contents.json",
				"${PODS_ROOT}/ASDKUI/ASDKUI/Resources/ASDKUIImages.xcassets/psIconMir.imageset/psIconMir.pdf",
				"${PODS_ROOT}/ASDKUI/ASDKUI/Resources/ASDKUIImages.xcassets/psIcons.imageset/Contents.json",
				"${PODS_ROOT}/ASDKUI/ASDKUI/Resources/ASDKUIImages.xcassets/psIcons.imageset/psIcons.pdf",
				"${PODS_ROOT}/ASDKUI/ASDKUI/Resources/ASDKUIImages.xcassets/psIconVisa.imageset/Contents.json",
				"${PODS_ROOT}/ASDKUI/ASDKUI/Resources/ASDKUIImages.xcassets/psIconVisa.imageset/psIconVisa.pdf",
				"${PODS_ROOT}/ASDKUI/ASDKUI/Resources/ASDKUIImages.xcassets/scan_card.imageset/Contents.json",
				"${PODS_ROOT}/ASDKUI/ASDKUI/Resources/ASDKUIImages.xcassets/scan_card.imageset/scan_card.pdf",
				"${PODS_ROOT}/ASDKUI/ASDKUI/Resources/ASDKUIImages.xcassets/scan_card_grey.imageset/Contents.json",
				"${PODS_ROOT}/ASDKUI/ASDKUI/Resources/ASDKUIImages.xcassets/scan_card_grey.imageset/scan_card_grey.pdf",
				"${PODS_ROOT}/ASDKUI/ASDKUI/Resources/ASDKUIImages.xcassets/visa_white.imageset/Contents.json",
				"${PODS_ROOT}/ASDKUI/ASDKUI/Resources/ASDKUIImages.xcassets/visa_white.imageset/visa_white.pdf",
				"${PODS_ROOT}/ASDKUI/ASDKUI/Resources/Localization/en.lproj/ASDKLocalizable.strings",
				"${PODS_ROOT}/ASDKUI/ASDKUI/Resources/Localization/ru.lproj/ASDKLocalizable.strings",
				"${PODS_ROOT}/ASDKUI/ASDKUI/Resources/ASDKUIImages.xcassets",
				"${PODS_ROOT}/ASDKUI/ASDKUI/Resources/ASDKUIImages.xcassets/buttom_logos.imageset",
				"${PODS_ROOT}/ASDKUI/ASDKUI/Resources/ASDKUIImages.xcassets/check_green.imageset",
				"${PODS_ROOT}/ASDKUI/ASDKUI/Resources/ASDKUIImages.xcassets/delete.imageset",
				"${PODS_ROOT}/ASDKUI/ASDKUI/Resources/ASDKUIImages.xcassets/delete_icon.imageset",
				"${PODS_ROOT}/ASDKUI/ASDKUI/Resources/ASDKUIImages.xcassets/next_grey.imageset",
				"${PODS_ROOT}/ASDKUI/ASDKUI/Resources/ASDKUIImages.xcassets/next_white.imageset",
				"${PODS_ROOT}/ASDKUI/ASDKUI/Resources/ASDKUIImages.xcassets/psIconMaestro.imageset",
				"${PODS_ROOT}/ASDKUI/ASDKUI/Resources/ASDKUIImages.xcassets/psIconMastercard.imageset",
				"${PODS_ROOT}/ASDKUI/ASDKUI/Resources/ASDKUIImages.xcassets/psIconMir.imageset",
				"${PODS_ROOT}/ASDKUI/ASDKUI/Resources/ASDKUIImages.xcassets/psIcons.imageset",
				"${PODS_ROOT}/ASDKUI/ASDKUI/Resources/ASDKUIImages.xcassets/psIconVisa.imageset",
				"${PODS_ROOT}/ASDKUI/ASDKUI/Resources/ASDKUIImages.xcassets/scan_card.imageset",
				"${PODS_ROOT}/ASDKUI/ASDKUI/Resources/ASDKUIImages.xcassets/scan_card_grey.imageset",
				"${PODS_ROOT}/ASDKUI/ASDKUI/Resources/ASDKUIImages.xcassets/visa_white.imageset",
				"${PODS_ROOT}/ASDKUI/ASDKUI/Resources/Localization/en.lproj",
				"${PODS_ROOT}/ASDKUI/ASDKUI/Resources/Localization/ru.lproj",
				"${PODS_ROOT}/ASDKUI/ASDKUI/3DSController/ASDK3DSViewController.xib",
				"${PODS_ROOT}/ASDKUI/ASDKUI/ASDKLoaderViewController.xib",
				"${PODS_ROOT}/ASDKUI/ASDKUI/Payment/CardsListViewController/AddNewCardCell/ASDKAddNewCardCell.xib",
				"${PODS_ROOT}/ASDKUI/ASDKUI/Payment/CardsListViewController/CardCell/ASDKCardCell.xib",
				"${PODS_ROOT}/ASDKUI/ASDKUI/Payment/PaymentViewController/ASDKEmptyTableViewCell.xib",
				"${PODS_ROOT}/ASDKUI/ASDKUI/Payment/PaymentViewController/ASDKExternalCardsCell.xib",
				"${PODS_ROOT}/ASDKUI/ASDKUI/Payment/PaymentViewController/ASDKFooterCell.xib",
				"${PODS_ROOT}/ASDKUI/ASDKUI/Payment/PaymentViewController/ASDKPayButtonCell.xib",
				"${PODS_ROOT}/ASDKUI/ASDKUI/Payment/PaymentViewController/ASDKPaymentFormHeaderCell.xib",
				"${PODS_ROOT}/ASDKUI/ASDKUI/Payment/PaymentViewController/ASDKPaymentFormSummCell.xib",
				"${PODS_ROOT}/ASDKUI/ASDKUI/Payment/PaymentViewController/CustomInput/DeleteCell/ASDKDeleteCell.xib",
				"${PODS_ROOT}/ASDKUI/ASDKUI/Payment/PaymentViewController/CustomInput/NumberCell/ASDKNumberCell.xib",
				"${PODS_ROOT}/ASDKUI/ASDKUI/Payment/PaymentViewController/EmailCell/ASDKEmailCell.xib",
				"${PODS_ROOT}/ASDKUI/ASDKUI/Payment/PaymentViewController/InputCardCell/ASDKCardInputTableViewCell.xib",
				"${PODS_CONFIGURATION_BUILD_DIR}/React-Core/AccessibilityResources.bundle",
				"${PODS_ROOT}/TinkoffASDKCore/TinkoffASDKCore/TinkoffASDKCore/en.lproj/Localizable.strings",
				"${PODS_ROOT}/TinkoffASDKCore/TinkoffASDKCore/TinkoffASDKCore/ru.lproj/Localizable.strings",
				"${PODS_ROOT}/TinkoffASDKCore/TinkoffASDKCore/TinkoffASDKCore/en.lproj",
				"${PODS_ROOT}/TinkoffASDKCore/TinkoffASDKCore/TinkoffASDKCore/ru.lproj",
				"${PODS_ROOT}/TinkoffASDKUI/TinkoffASDKUI/TinkoffASDKUI/AcquiringAlertViewController.xib",
				"${PODS_ROOT}/TinkoffASDKUI/TinkoffASDKUI/TinkoffASDKUI/AcquiringPaymentViewController.xib",
				"${PODS_ROOT}/TinkoffASDKUI/TinkoffASDKUI/TinkoffASDKUI/AddCardTableViewCell.xib",
				"${PODS_ROOT}/TinkoffASDKUI/TinkoffASDKUI/TinkoffASDKUI/AmountTableViewCell.xib",
				"${PODS_ROOT}/TinkoffASDKUI/TinkoffASDKUI/TinkoffASDKUI/Assets.xcassets/addCardPageControl/pageQR.imageset/pageQR@2x.png",
				"${PODS_ROOT}/TinkoffASDKUI/TinkoffASDKUI/TinkoffASDKUI/Assets.xcassets/addCardPageControl/pageQR.imageset/pageQR@3x.png",
				"${PODS_ROOT}/TinkoffASDKUI/TinkoffASDKUI/TinkoffASDKUI/ButtonInputAccessoryView.xib",
				"${PODS_ROOT}/TinkoffASDKUI/TinkoffASDKUI/TinkoffASDKUI/ButtonTableViewCell.xib",
				"${PODS_ROOT}/TinkoffASDKUI/TinkoffASDKUI/TinkoffASDKUI/CardListStatusCollectionViewCell.xib",
				"${PODS_ROOT}/TinkoffASDKUI/TinkoffASDKUI/TinkoffASDKUI/CardsViewController.xib",
				"${PODS_ROOT}/TinkoffASDKUI/TinkoffASDKUI/TinkoffASDKUI/en.lproj/Localizable.strings",
				"${PODS_ROOT}/TinkoffASDKUI/TinkoffASDKUI/TinkoffASDKUI/Images/Images/tinkoff_40/tinkoff_40@2x.png",
				"${PODS_ROOT}/TinkoffASDKUI/TinkoffASDKUI/TinkoffASDKUI/Images/Images/tinkoff_40/tinkoff_40@3x.png",
				"${PODS_ROOT}/TinkoffASDKUI/TinkoffASDKUI/TinkoffASDKUI/InpuCardtRequisitesTableViewCell.xib",
				"${PODS_ROOT}/TinkoffASDKUI/TinkoffASDKUI/TinkoffASDKUI/LabelTableViewCell.xib",
				"${PODS_ROOT}/TinkoffASDKUI/TinkoffASDKUI/TinkoffASDKUI/LoadingCollectionViewCell.xib",
				"${PODS_ROOT}/TinkoffASDKUI/TinkoffASDKUI/TinkoffASDKUI/PageStatusCollectionViewCell.xib",
				"${PODS_ROOT}/TinkoffASDKUI/TinkoffASDKUI/TinkoffASDKUI/PageStatusListCollectionViewCell.xib",
				"${PODS_ROOT}/TinkoffASDKUI/TinkoffASDKUI/TinkoffASDKUI/PaymentCardCollectionViewCell.xib",
				"${PODS_ROOT}/TinkoffASDKUI/TinkoffASDKUI/TinkoffASDKUI/PaymentCardInputRequisitesCollectionViewCell.xib",
				"${PODS_ROOT}/TinkoffASDKUI/TinkoffASDKUI/TinkoffASDKUI/PaymentCardTableViewCell.xib",
				"${PODS_ROOT}/TinkoffASDKUI/TinkoffASDKUI/TinkoffASDKUI/PopUpViewContoller.xib",
				"${PODS_ROOT}/TinkoffASDKUI/TinkoffASDKUI/TinkoffASDKUI/PSLogoTableViewCell.xib",
				"${PODS_ROOT}/TinkoffASDKUI/TinkoffASDKUI/TinkoffASDKUI/QRCodeImageTableViewCell.xib",
				"${PODS_ROOT}/TinkoffASDKUI/TinkoffASDKUI/TinkoffASDKUI/QRCodeViewController.xib",
				"${PODS_ROOT}/TinkoffASDKUI/TinkoffASDKUI/TinkoffASDKUI/QRCodeWebTableViewCell.xib",
				"${PODS_ROOT}/TinkoffASDKUI/TinkoffASDKUI/TinkoffASDKUI/RandomAmounCheckingViewController.xib",
				"${PODS_ROOT}/TinkoffASDKUI/TinkoffASDKUI/TinkoffASDKUI/ResistanceSpaceTableViewCell.xib",
				"${PODS_ROOT}/TinkoffASDKUI/TinkoffASDKUI/TinkoffASDKUI/ru.lproj/Localizable.strings",
				"${PODS_ROOT}/TinkoffASDKUI/TinkoffASDKUI/TinkoffASDKUI/SBPCollectionViewCell.xib",
				"${PODS_ROOT}/TinkoffASDKUI/TinkoffASDKUI/TinkoffASDKUI/ScrollableTableViewCell.xib",
				"${PODS_ROOT}/TinkoffASDKUI/TinkoffASDKUI/TinkoffASDKUI/StatusTableViewCell.xib",
				"${PODS_ROOT}/TinkoffASDKUI/TinkoffASDKUI/TinkoffASDKUI/TextFieldTableViewCell.xib",
				"${PODS_ROOT}/TinkoffASDKUI/TinkoffASDKUI/TinkoffASDKUI/UICollectionReusableViewEmpty.xib",
				"${PODS_ROOT}/TinkoffASDKUI/TinkoffASDKUI/TinkoffASDKUI/WebViewController.xib",
				"${PODS_ROOT}/TinkoffASDKUI/TinkoffASDKUI/TinkoffASDKUI/Assets.xcassets",
				"${PODS_ROOT}/TinkoffASDKUI/TinkoffASDKUI/TinkoffASDKUI/Assets.xcassets/add.imageset",
				"${PODS_ROOT}/TinkoffASDKUI/TinkoffASDKUI/TinkoffASDKUI/Assets.xcassets/addCardPageControl/pageAddCard.imageset",
				"${PODS_ROOT}/TinkoffASDKUI/TinkoffASDKUI/TinkoffASDKUI/Assets.xcassets/addCardPageControl/pageAddCardActive.imageset",
				"${PODS_ROOT}/TinkoffASDKUI/TinkoffASDKUI/TinkoffASDKUI/Assets.xcassets/addCardPageControl/pageDot.imageset",
				"${PODS_ROOT}/TinkoffASDKUI/TinkoffASDKUI/TinkoffASDKUI/Assets.xcassets/addCardPageControl/pageDotActive.imageset",
				"${PODS_ROOT}/TinkoffASDKUI/TinkoffASDKUI/TinkoffASDKUI/Assets.xcassets/addCardPageControl/pageList.imageset",
				"${PODS_ROOT}/TinkoffASDKUI/TinkoffASDKUI/TinkoffASDKUI/Assets.xcassets/addCardPageControl/pageQR.imageset",
				"${PODS_ROOT}/TinkoffASDKUI/TinkoffASDKUI/TinkoffASDKUI/Assets.xcassets/buttonIconSBP.imageset",
				"${PODS_ROOT}/TinkoffASDKUI/TinkoffASDKUI/TinkoffASDKUI/Assets.xcassets/cancel.imageset",
				"${PODS_ROOT}/TinkoffASDKUI/TinkoffASDKUI/TinkoffASDKUI/Assets.xcassets/cardRequisites/maestro_logo.imageset",
				"${PODS_ROOT}/TinkoffASDKUI/TinkoffASDKUI/TinkoffASDKUI/Assets.xcassets/cardRequisites/mc_logo.imageset",
				"${PODS_ROOT}/TinkoffASDKUI/TinkoffASDKUI/TinkoffASDKUI/Assets.xcassets/cardRequisites/mir_logo.imageset",
				"${PODS_ROOT}/TinkoffASDKUI/TinkoffASDKUI/TinkoffASDKUI/Assets.xcassets/cardRequisites/visa_logo.imageset",
				"${PODS_ROOT}/TinkoffASDKUI/TinkoffASDKUI/TinkoffASDKUI/Assets.xcassets/done.imageset",
				"${PODS_ROOT}/TinkoffASDKUI/TinkoffASDKUI/TinkoffASDKUI/Assets.xcassets/logo_ps.imageset",
				"${PODS_ROOT}/TinkoffASDKUI/TinkoffASDKUI/TinkoffASDKUI/Assets.xcassets/next.imageset",
				"${PODS_ROOT}/TinkoffASDKUI/TinkoffASDKUI/TinkoffASDKUI/Assets.xcassets/nexta.imageset",
				"${PODS_ROOT}/TinkoffASDKUI/TinkoffASDKUI/TinkoffASDKUI/Assets.xcassets/SBP/empty_banks.imageset",
				"${PODS_ROOT}/TinkoffASDKUI/TinkoffASDKUI/TinkoffASDKUI/Assets.xcassets/scan.imageset",
				"${PODS_ROOT}/TinkoffASDKUI/TinkoffASDKUI/TinkoffASDKUI/Assets.xcassets/share.imageset",
				"${PODS_ROOT}/TinkoffASDKUI/TinkoffASDKUI/TinkoffASDKUI/Assets.xcassets/tick_24.imageset",
				"${PODS_ROOT}/TinkoffASDKUI/TinkoffASDKUI/TinkoffASDKUI/en.lproj",
				"${PODS_ROOT}/TinkoffASDKUI/TinkoffASDKUI/TinkoffASDKUI/ru.lproj",
			);
			name = "[CP] Copy Pods Resources";
			outputPaths = (
				"${TARGET_BUILD_DIR}/${UNLOCALIZED_RESOURCES_FOLDER_PATH}/buttom_logos.pdf",
				"${TARGET_BUILD_DIR}/${UNLOCALIZED_RESOURCES_FOLDER_PATH}/buttom_logos_dark.pdf",
				"${TARGET_BUILD_DIR}/${UNLOCALIZED_RESOURCES_FOLDER_PATH}/Contents.json",
				"${TARGET_BUILD_DIR}/${UNLOCALIZED_RESOURCES_FOLDER_PATH}/check_green.pdf",
				"${TARGET_BUILD_DIR}/${UNLOCALIZED_RESOURCES_FOLDER_PATH}/delete.pdf",
				"${TARGET_BUILD_DIR}/${UNLOCALIZED_RESOURCES_FOLDER_PATH}/delete_icon.pdf",
				"${TARGET_BUILD_DIR}/${UNLOCALIZED_RESOURCES_FOLDER_PATH}/next_grey.pdf",
				"${TARGET_BUILD_DIR}/${UNLOCALIZED_RESOURCES_FOLDER_PATH}/next_white.pdf",
				"${TARGET_BUILD_DIR}/${UNLOCALIZED_RESOURCES_FOLDER_PATH}/psIconMaestro.pdf",
				"${TARGET_BUILD_DIR}/${UNLOCALIZED_RESOURCES_FOLDER_PATH}/psIconMastercard.pdf",
				"${TARGET_BUILD_DIR}/${UNLOCALIZED_RESOURCES_FOLDER_PATH}/psIconMir.pdf",
				"${TARGET_BUILD_DIR}/${UNLOCALIZED_RESOURCES_FOLDER_PATH}/psIcons.pdf",
				"${TARGET_BUILD_DIR}/${UNLOCALIZED_RESOURCES_FOLDER_PATH}/psIconVisa.pdf",
				"${TARGET_BUILD_DIR}/${UNLOCALIZED_RESOURCES_FOLDER_PATH}/scan_card.pdf",
				"${TARGET_BUILD_DIR}/${UNLOCALIZED_RESOURCES_FOLDER_PATH}/scan_card_grey.pdf",
				"${TARGET_BUILD_DIR}/${UNLOCALIZED_RESOURCES_FOLDER_PATH}/visa_white.pdf",
				"${TARGET_BUILD_DIR}/${UNLOCALIZED_RESOURCES_FOLDER_PATH}/ASDKLocalizable.strings",
				"${TARGET_BUILD_DIR}/${UNLOCALIZED_RESOURCES_FOLDER_PATH}/Assets.car",
				"${TARGET_BUILD_DIR}/${UNLOCALIZED_RESOURCES_FOLDER_PATH}/buttom_logos.imageset",
				"${TARGET_BUILD_DIR}/${UNLOCALIZED_RESOURCES_FOLDER_PATH}/check_green.imageset",
				"${TARGET_BUILD_DIR}/${UNLOCALIZED_RESOURCES_FOLDER_PATH}/delete.imageset",
				"${TARGET_BUILD_DIR}/${UNLOCALIZED_RESOURCES_FOLDER_PATH}/delete_icon.imageset",
				"${TARGET_BUILD_DIR}/${UNLOCALIZED_RESOURCES_FOLDER_PATH}/next_grey.imageset",
				"${TARGET_BUILD_DIR}/${UNLOCALIZED_RESOURCES_FOLDER_PATH}/next_white.imageset",
				"${TARGET_BUILD_DIR}/${UNLOCALIZED_RESOURCES_FOLDER_PATH}/psIconMaestro.imageset",
				"${TARGET_BUILD_DIR}/${UNLOCALIZED_RESOURCES_FOLDER_PATH}/psIconMastercard.imageset",
				"${TARGET_BUILD_DIR}/${UNLOCALIZED_RESOURCES_FOLDER_PATH}/psIconMir.imageset",
				"${TARGET_BUILD_DIR}/${UNLOCALIZED_RESOURCES_FOLDER_PATH}/psIcons.imageset",
				"${TARGET_BUILD_DIR}/${UNLOCALIZED_RESOURCES_FOLDER_PATH}/psIconVisa.imageset",
				"${TARGET_BUILD_DIR}/${UNLOCALIZED_RESOURCES_FOLDER_PATH}/scan_card.imageset",
				"${TARGET_BUILD_DIR}/${UNLOCALIZED_RESOURCES_FOLDER_PATH}/scan_card_grey.imageset",
				"${TARGET_BUILD_DIR}/${UNLOCALIZED_RESOURCES_FOLDER_PATH}/visa_white.imageset",
				"${TARGET_BUILD_DIR}/${UNLOCALIZED_RESOURCES_FOLDER_PATH}/en.lproj",
				"${TARGET_BUILD_DIR}/${UNLOCALIZED_RESOURCES_FOLDER_PATH}/ru.lproj",
				"${TARGET_BUILD_DIR}/${UNLOCALIZED_RESOURCES_FOLDER_PATH}/ASDK3DSViewController.nib",
				"${TARGET_BUILD_DIR}/${UNLOCALIZED_RESOURCES_FOLDER_PATH}/ASDKLoaderViewController.nib",
				"${TARGET_BUILD_DIR}/${UNLOCALIZED_RESOURCES_FOLDER_PATH}/ASDKAddNewCardCell.nib",
				"${TARGET_BUILD_DIR}/${UNLOCALIZED_RESOURCES_FOLDER_PATH}/ASDKCardCell.nib",
				"${TARGET_BUILD_DIR}/${UNLOCALIZED_RESOURCES_FOLDER_PATH}/ASDKEmptyTableViewCell.nib",
				"${TARGET_BUILD_DIR}/${UNLOCALIZED_RESOURCES_FOLDER_PATH}/ASDKExternalCardsCell.nib",
				"${TARGET_BUILD_DIR}/${UNLOCALIZED_RESOURCES_FOLDER_PATH}/ASDKFooterCell.nib",
				"${TARGET_BUILD_DIR}/${UNLOCALIZED_RESOURCES_FOLDER_PATH}/ASDKPayButtonCell.nib",
				"${TARGET_BUILD_DIR}/${UNLOCALIZED_RESOURCES_FOLDER_PATH}/ASDKPaymentFormHeaderCell.nib",
				"${TARGET_BUILD_DIR}/${UNLOCALIZED_RESOURCES_FOLDER_PATH}/ASDKPaymentFormSummCell.nib",
				"${TARGET_BUILD_DIR}/${UNLOCALIZED_RESOURCES_FOLDER_PATH}/ASDKDeleteCell.nib",
				"${TARGET_BUILD_DIR}/${UNLOCALIZED_RESOURCES_FOLDER_PATH}/ASDKNumberCell.nib",
				"${TARGET_BUILD_DIR}/${UNLOCALIZED_RESOURCES_FOLDER_PATH}/ASDKEmailCell.nib",
				"${TARGET_BUILD_DIR}/${UNLOCALIZED_RESOURCES_FOLDER_PATH}/ASDKCardInputTableViewCell.nib",
				"${TARGET_BUILD_DIR}/${UNLOCALIZED_RESOURCES_FOLDER_PATH}/AccessibilityResources.bundle",
				"${TARGET_BUILD_DIR}/${UNLOCALIZED_RESOURCES_FOLDER_PATH}/Localizable.strings",
				"${TARGET_BUILD_DIR}/${UNLOCALIZED_RESOURCES_FOLDER_PATH}/AcquiringAlertViewController.nib",
				"${TARGET_BUILD_DIR}/${UNLOCALIZED_RESOURCES_FOLDER_PATH}/AcquiringPaymentViewController.nib",
				"${TARGET_BUILD_DIR}/${UNLOCALIZED_RESOURCES_FOLDER_PATH}/AddCardTableViewCell.nib",
				"${TARGET_BUILD_DIR}/${UNLOCALIZED_RESOURCES_FOLDER_PATH}/AmountTableViewCell.nib",
				"${TARGET_BUILD_DIR}/${UNLOCALIZED_RESOURCES_FOLDER_PATH}/pageQR@2x.png",
				"${TARGET_BUILD_DIR}/${UNLOCALIZED_RESOURCES_FOLDER_PATH}/pageQR@3x.png",
				"${TARGET_BUILD_DIR}/${UNLOCALIZED_RESOURCES_FOLDER_PATH}/ButtonInputAccessoryView.nib",
				"${TARGET_BUILD_DIR}/${UNLOCALIZED_RESOURCES_FOLDER_PATH}/ButtonTableViewCell.nib",
				"${TARGET_BUILD_DIR}/${UNLOCALIZED_RESOURCES_FOLDER_PATH}/CardListStatusCollectionViewCell.nib",
				"${TARGET_BUILD_DIR}/${UNLOCALIZED_RESOURCES_FOLDER_PATH}/CardsViewController.nib",
				"${TARGET_BUILD_DIR}/${UNLOCALIZED_RESOURCES_FOLDER_PATH}/tinkoff_40@2x.png",
				"${TARGET_BUILD_DIR}/${UNLOCALIZED_RESOURCES_FOLDER_PATH}/tinkoff_40@3x.png",
				"${TARGET_BUILD_DIR}/${UNLOCALIZED_RESOURCES_FOLDER_PATH}/InpuCardtRequisitesTableViewCell.nib",
				"${TARGET_BUILD_DIR}/${UNLOCALIZED_RESOURCES_FOLDER_PATH}/LabelTableViewCell.nib",
				"${TARGET_BUILD_DIR}/${UNLOCALIZED_RESOURCES_FOLDER_PATH}/LoadingCollectionViewCell.nib",
				"${TARGET_BUILD_DIR}/${UNLOCALIZED_RESOURCES_FOLDER_PATH}/PageStatusCollectionViewCell.nib",
				"${TARGET_BUILD_DIR}/${UNLOCALIZED_RESOURCES_FOLDER_PATH}/PageStatusListCollectionViewCell.nib",
				"${TARGET_BUILD_DIR}/${UNLOCALIZED_RESOURCES_FOLDER_PATH}/PaymentCardCollectionViewCell.nib",
				"${TARGET_BUILD_DIR}/${UNLOCALIZED_RESOURCES_FOLDER_PATH}/PaymentCardInputRequisitesCollectionViewCell.nib",
				"${TARGET_BUILD_DIR}/${UNLOCALIZED_RESOURCES_FOLDER_PATH}/PaymentCardTableViewCell.nib",
				"${TARGET_BUILD_DIR}/${UNLOCALIZED_RESOURCES_FOLDER_PATH}/PopUpViewContoller.nib",
				"${TARGET_BUILD_DIR}/${UNLOCALIZED_RESOURCES_FOLDER_PATH}/PSLogoTableViewCell.nib",
				"${TARGET_BUILD_DIR}/${UNLOCALIZED_RESOURCES_FOLDER_PATH}/QRCodeImageTableViewCell.nib",
				"${TARGET_BUILD_DIR}/${UNLOCALIZED_RESOURCES_FOLDER_PATH}/QRCodeViewController.nib",
				"${TARGET_BUILD_DIR}/${UNLOCALIZED_RESOURCES_FOLDER_PATH}/QRCodeWebTableViewCell.nib",
				"${TARGET_BUILD_DIR}/${UNLOCALIZED_RESOURCES_FOLDER_PATH}/RandomAmounCheckingViewController.nib",
				"${TARGET_BUILD_DIR}/${UNLOCALIZED_RESOURCES_FOLDER_PATH}/ResistanceSpaceTableViewCell.nib",
				"${TARGET_BUILD_DIR}/${UNLOCALIZED_RESOURCES_FOLDER_PATH}/SBPCollectionViewCell.nib",
				"${TARGET_BUILD_DIR}/${UNLOCALIZED_RESOURCES_FOLDER_PATH}/ScrollableTableViewCell.nib",
				"${TARGET_BUILD_DIR}/${UNLOCALIZED_RESOURCES_FOLDER_PATH}/StatusTableViewCell.nib",
				"${TARGET_BUILD_DIR}/${UNLOCALIZED_RESOURCES_FOLDER_PATH}/TextFieldTableViewCell.nib",
				"${TARGET_BUILD_DIR}/${UNLOCALIZED_RESOURCES_FOLDER_PATH}/UICollectionReusableViewEmpty.nib",
				"${TARGET_BUILD_DIR}/${UNLOCALIZED_RESOURCES_FOLDER_PATH}/WebViewController.nib",
				"${TARGET_BUILD_DIR}/${UNLOCALIZED_RESOURCES_FOLDER_PATH}/add.imageset",
				"${TARGET_BUILD_DIR}/${UNLOCALIZED_RESOURCES_FOLDER_PATH}/pageAddCard.imageset",
				"${TARGET_BUILD_DIR}/${UNLOCALIZED_RESOURCES_FOLDER_PATH}/pageAddCardActive.imageset",
				"${TARGET_BUILD_DIR}/${UNLOCALIZED_RESOURCES_FOLDER_PATH}/pageDot.imageset",
				"${TARGET_BUILD_DIR}/${UNLOCALIZED_RESOURCES_FOLDER_PATH}/pageDotActive.imageset",
				"${TARGET_BUILD_DIR}/${UNLOCALIZED_RESOURCES_FOLDER_PATH}/pageList.imageset",
				"${TARGET_BUILD_DIR}/${UNLOCALIZED_RESOURCES_FOLDER_PATH}/pageQR.imageset",
				"${TARGET_BUILD_DIR}/${UNLOCALIZED_RESOURCES_FOLDER_PATH}/buttonIconSBP.imageset",
				"${TARGET_BUILD_DIR}/${UNLOCALIZED_RESOURCES_FOLDER_PATH}/cancel.imageset",
				"${TARGET_BUILD_DIR}/${UNLOCALIZED_RESOURCES_FOLDER_PATH}/maestro_logo.imageset",
				"${TARGET_BUILD_DIR}/${UNLOCALIZED_RESOURCES_FOLDER_PATH}/mc_logo.imageset",
				"${TARGET_BUILD_DIR}/${UNLOCALIZED_RESOURCES_FOLDER_PATH}/mir_logo.imageset",
				"${TARGET_BUILD_DIR}/${UNLOCALIZED_RESOURCES_FOLDER_PATH}/visa_logo.imageset",
				"${TARGET_BUILD_DIR}/${UNLOCALIZED_RESOURCES_FOLDER_PATH}/done.imageset",
				"${TARGET_BUILD_DIR}/${UNLOCALIZED_RESOURCES_FOLDER_PATH}/logo_ps.imageset",
				"${TARGET_BUILD_DIR}/${UNLOCALIZED_RESOURCES_FOLDER_PATH}/next.imageset",
				"${TARGET_BUILD_DIR}/${UNLOCALIZED_RESOURCES_FOLDER_PATH}/nexta.imageset",
				"${TARGET_BUILD_DIR}/${UNLOCALIZED_RESOURCES_FOLDER_PATH}/empty_banks.imageset",
				"${TARGET_BUILD_DIR}/${UNLOCALIZED_RESOURCES_FOLDER_PATH}/scan.imageset",
				"${TARGET_BUILD_DIR}/${UNLOCALIZED_RESOURCES_FOLDER_PATH}/share.imageset",
				"${TARGET_BUILD_DIR}/${UNLOCALIZED_RESOURCES_FOLDER_PATH}/tick_24.imageset",
			);
			runOnlyForDeploymentPostprocessing = 0;
			shellPath = /bin/sh;
			shellScript = "\"${PODS_ROOT}/Target Support Files/Pods-flowersdeliveryapp/Pods-flowersdeliveryapp-resources.sh\"\n";
			showEnvVarsInLog = 0;
		};
		FD10A7F022414F080027D42C /* Start Packager */ = {
			isa = PBXShellScriptBuildPhase;
			buildActionMask = 2147483647;
			files = (
			);
			inputFileListPaths = (
			);
			inputPaths = (
			);
			name = "Start Packager";
			outputFileListPaths = (
			);
			outputPaths = (
			);
			runOnlyForDeploymentPostprocessing = 0;
			shellPath = /bin/sh;
			shellScript = "export RCT_METRO_PORT=\"${RCT_METRO_PORT:=8081}\"\necho \"export RCT_METRO_PORT=${RCT_METRO_PORT}\" > \"${SRCROOT}/../node_modules/react-native/scripts/.packager.env\"\nif [ -z \"${RCT_NO_LAUNCH_PACKAGER+xxx}\" ] ; then\n  if nc -w 5 -z localhost ${RCT_METRO_PORT} ; then\n    if ! curl -s \"http://localhost:${RCT_METRO_PORT}/status\" | grep -q \"packager-status:running\" ; then\n      echo \"Port ${RCT_METRO_PORT} already in use, packager is either not running or not running correctly\"\n      exit 2\n    fi\n  else\n    open \"$SRCROOT/../node_modules/react-native/scripts/launchPackager.command\" || echo \"Can't start packager automatically\"\n  fi\nfi\n";
			showEnvVarsInLog = 0;
		};
/* End PBXShellScriptBuildPhase section */

/* Begin PBXSourcesBuildPhase section */
		13B07F871A680F5B00A75B9A /* Sources */ = {
			isa = PBXSourcesBuildPhase;
			buildActionMask = 2147483647;
			files = (
				13B07FBC1A68108700A75B9A /* AppDelegate.m in Sources */,
				13B07FC11A68108700A75B9A /* main.m in Sources */,
				A07DC429A48441BE9B3B10E5 /* noop-file.swift in Sources */,
			);
			runOnlyForDeploymentPostprocessing = 0;
		};
/* End PBXSourcesBuildPhase section */

/* Begin PBXVariantGroup section */
		13B07FB11A68108700A75B9A /* LaunchScreen.xib */ = {
			isa = PBXVariantGroup;
			children = (
				13B07FB21A68108700A75B9A /* Base */,
			);
			name = LaunchScreen.xib;
			path = flowersdeliveryapp;
			sourceTree = "<group>";
		};
/* End PBXVariantGroup section */

/* Begin XCBuildConfiguration section */
		13B07F941A680F5B00A75B9A /* Debug */ = {
			isa = XCBuildConfiguration;
			baseConfigurationReference = 6C2E3173556A471DD304B334 /* Pods-flowersdeliveryapp.debug.xcconfig */;
			buildSettings = {
				ARCHS = "$(ARCHS_STANDARD)";
				ASSETCATALOG_COMPILER_APPICON_NAME = AppIcon;
				CLANG_ENABLE_MODULES = YES;
				CODE_SIGN_ENTITLEMENTS = "flowersdeliveryapp/flowers-delivery-app.entitlements";
				CURRENT_PROJECT_VERSION = 1;
				DEVELOPMENT_TEAM = N7RTM66358;
				ENABLE_BITCODE = NO;
				GCC_PREPROCESSOR_DEFINITIONS = (
					"$(inherited)",
					"FB_SONARKIT_ENABLED=1",
				);
				INFOPLIST_FILE = flowersdeliveryapp/Info.plist;
				IPHONEOS_DEPLOYMENT_TARGET = 11.0;
				LD_RUNPATH_SEARCH_PATHS = "$(inherited) @executable_path/Frameworks";
				LIBRARY_SEARCH_PATHS = (
					"\"${PODS_CONFIGURATION_BUILD_DIR}/ASDKCore\"",
					"\"${PODS_CONFIGURATION_BUILD_DIR}/ASDKUI\"",
					"\"${PODS_CONFIGURATION_BUILD_DIR}/DoubleConversion\"",
					"\"${PODS_CONFIGURATION_BUILD_DIR}/EXApplication\"",
					"\"${PODS_CONFIGURATION_BUILD_DIR}/EXConstants\"",
					"\"${PODS_CONFIGURATION_BUILD_DIR}/EXErrorRecovery\"",
					"\"${PODS_CONFIGURATION_BUILD_DIR}/EXFont\"",
					"\"${PODS_CONFIGURATION_BUILD_DIR}/EXImageLoader\"",
					"\"${PODS_CONFIGURATION_BUILD_DIR}/EXKeepAwake\"",
					"\"${PODS_CONFIGURATION_BUILD_DIR}/ExpoModulesCore\"",
					"\"${PODS_CONFIGURATION_BUILD_DIR}/FBReactNativeSpec\"",
					"\"${PODS_CONFIGURATION_BUILD_DIR}/Folly\"",
					"\"${PODS_CONFIGURATION_BUILD_DIR}/RCTTypeSafety\"",
					"\"${PODS_CONFIGURATION_BUILD_DIR}/RNCAsyncStorage\"",
					"\"${PODS_CONFIGURATION_BUILD_DIR}/RNDateTimePicker\"",
					"\"${PODS_CONFIGURATION_BUILD_DIR}/RNGestureHandler\"",
					"\"${PODS_CONFIGURATION_BUILD_DIR}/RNReanimated\"",
					"\"${PODS_CONFIGURATION_BUILD_DIR}/RNSVG\"",
					"\"${PODS_CONFIGURATION_BUILD_DIR}/RNScreens\"",
					"\"${PODS_CONFIGURATION_BUILD_DIR}/React-Core\"",
					"\"${PODS_CONFIGURATION_BUILD_DIR}/React-CoreModules\"",
					"\"${PODS_CONFIGURATION_BUILD_DIR}/React-RCTAnimation\"",
					"\"${PODS_CONFIGURATION_BUILD_DIR}/React-RCTBlob\"",
					"\"${PODS_CONFIGURATION_BUILD_DIR}/React-RCTImage\"",
					"\"${PODS_CONFIGURATION_BUILD_DIR}/React-RCTLinking\"",
					"\"${PODS_CONFIGURATION_BUILD_DIR}/React-RCTNetwork\"",
					"\"${PODS_CONFIGURATION_BUILD_DIR}/React-RCTSettings\"",
					"\"${PODS_CONFIGURATION_BUILD_DIR}/React-RCTText\"",
					"\"${PODS_CONFIGURATION_BUILD_DIR}/React-RCTVibration\"",
					"\"${PODS_CONFIGURATION_BUILD_DIR}/React-cxxreact\"",
					"\"${PODS_CONFIGURATION_BUILD_DIR}/React-jsi\"",
					"\"${PODS_CONFIGURATION_BUILD_DIR}/React-jsiexecutor\"",
					"\"${PODS_CONFIGURATION_BUILD_DIR}/React-jsinspector\"",
					"\"${PODS_CONFIGURATION_BUILD_DIR}/ReactCommon\"",
					"\"${PODS_CONFIGURATION_BUILD_DIR}/TinkoffASDKCore\"",
					"\"${PODS_CONFIGURATION_BUILD_DIR}/TinkoffASDKUI\"",
					"\"${PODS_CONFIGURATION_BUILD_DIR}/UMAppLoader\"",
					"\"${PODS_CONFIGURATION_BUILD_DIR}/Yoga\"",
					"\"${PODS_CONFIGURATION_BUILD_DIR}/glog\"",
					"\"${PODS_CONFIGURATION_BUILD_DIR}/react-native-asdk-tinkoff\"",
					"\"${PODS_CONFIGURATION_BUILD_DIR}/react-native-maps\"",
					"\"${PODS_CONFIGURATION_BUILD_DIR}/react-native-safe-area-context\"",
					"\"${PODS_CONFIGURATION_BUILD_DIR}/rn-asdk-tinkoff\"",
					"\"${PODS_ROOT}/CardIO/CardIO\"",
				);
				ONLY_ACTIVE_ARCH = NO;
				OTHER_LDFLAGS = (
					"$(inherited)",
					"-ObjC",
					"-lc++",
				);
				PRODUCT_BUNDLE_IDENTIFIER = "flowers-delivery-app";
				PRODUCT_NAME = "flowers-delivery-app";
				SWIFT_OBJC_BRIDGING_HEADER = "flowersdeliveryapp/flowersdeliveryapp-Bridging-Header.h";
				SWIFT_OPTIMIZATION_LEVEL = "-Onone";
				SWIFT_VERSION = 5.0;
				TARGETED_DEVICE_FAMILY = 1;
				VERSIONING_SYSTEM = "apple-generic";
			};
			name = Debug;
		};
		13B07F951A680F5B00A75B9A /* Release */ = {
			isa = XCBuildConfiguration;
			baseConfigurationReference = 7A4D352CD337FB3A3BF06240 /* Pods-flowersdeliveryapp.release.xcconfig */;
			buildSettings = {
				ASSETCATALOG_COMPILER_APPICON_NAME = AppIcon;
				CLANG_ENABLE_MODULES = YES;
				CODE_SIGN_ENTITLEMENTS = "flowersdeliveryapp/flowers-delivery-app.entitlements";
				CURRENT_PROJECT_VERSION = 1;
				DEVELOPMENT_TEAM = N7RTM66358;
				INFOPLIST_FILE = flowersdeliveryapp/Info.plist;
				IPHONEOS_DEPLOYMENT_TARGET = 11.0;
				LD_RUNPATH_SEARCH_PATHS = "$(inherited) @executable_path/Frameworks";
				LIBRARY_SEARCH_PATHS = (
					"\"${PODS_CONFIGURATION_BUILD_DIR}/ASDKCore\"",
					"\"${PODS_CONFIGURATION_BUILD_DIR}/ASDKUI\"",
					"\"${PODS_CONFIGURATION_BUILD_DIR}/DoubleConversion\"",
					"\"${PODS_CONFIGURATION_BUILD_DIR}/EXApplication\"",
					"\"${PODS_CONFIGURATION_BUILD_DIR}/EXConstants\"",
					"\"${PODS_CONFIGURATION_BUILD_DIR}/EXErrorRecovery\"",
					"\"${PODS_CONFIGURATION_BUILD_DIR}/EXFont\"",
					"\"${PODS_CONFIGURATION_BUILD_DIR}/EXImageLoader\"",
					"\"${PODS_CONFIGURATION_BUILD_DIR}/EXKeepAwake\"",
					"\"${PODS_CONFIGURATION_BUILD_DIR}/ExpoModulesCore\"",
					"\"${PODS_CONFIGURATION_BUILD_DIR}/FBReactNativeSpec\"",
					"\"${PODS_CONFIGURATION_BUILD_DIR}/Folly\"",
					"\"${PODS_CONFIGURATION_BUILD_DIR}/RCTTypeSafety\"",
					"\"${PODS_CONFIGURATION_BUILD_DIR}/RNCAsyncStorage\"",
					"\"${PODS_CONFIGURATION_BUILD_DIR}/RNDateTimePicker\"",
					"\"${PODS_CONFIGURATION_BUILD_DIR}/RNGestureHandler\"",
					"\"${PODS_CONFIGURATION_BUILD_DIR}/RNReanimated\"",
					"\"${PODS_CONFIGURATION_BUILD_DIR}/RNSVG\"",
					"\"${PODS_CONFIGURATION_BUILD_DIR}/RNScreens\"",
					"\"${PODS_CONFIGURATION_BUILD_DIR}/React-Core\"",
					"\"${PODS_CONFIGURATION_BUILD_DIR}/React-CoreModules\"",
					"\"${PODS_CONFIGURATION_BUILD_DIR}/React-RCTAnimation\"",
					"\"${PODS_CONFIGURATION_BUILD_DIR}/React-RCTBlob\"",
					"\"${PODS_CONFIGURATION_BUILD_DIR}/React-RCTImage\"",
					"\"${PODS_CONFIGURATION_BUILD_DIR}/React-RCTLinking\"",
					"\"${PODS_CONFIGURATION_BUILD_DIR}/React-RCTNetwork\"",
					"\"${PODS_CONFIGURATION_BUILD_DIR}/React-RCTSettings\"",
					"\"${PODS_CONFIGURATION_BUILD_DIR}/React-RCTText\"",
					"\"${PODS_CONFIGURATION_BUILD_DIR}/React-RCTVibration\"",
					"\"${PODS_CONFIGURATION_BUILD_DIR}/React-cxxreact\"",
					"\"${PODS_CONFIGURATION_BUILD_DIR}/React-jsi\"",
					"\"${PODS_CONFIGURATION_BUILD_DIR}/React-jsiexecutor\"",
					"\"${PODS_CONFIGURATION_BUILD_DIR}/React-jsinspector\"",
					"\"${PODS_CONFIGURATION_BUILD_DIR}/ReactCommon\"",
					"\"${PODS_CONFIGURATION_BUILD_DIR}/TinkoffASDKCore\"",
					"\"${PODS_CONFIGURATION_BUILD_DIR}/TinkoffASDKUI\"",
					"\"${PODS_CONFIGURATION_BUILD_DIR}/UMAppLoader\"",
					"\"${PODS_CONFIGURATION_BUILD_DIR}/Yoga\"",
					"\"${PODS_CONFIGURATION_BUILD_DIR}/glog\"",
					"\"${PODS_CONFIGURATION_BUILD_DIR}/react-native-asdk-tinkoff\"",
					"\"${PODS_CONFIGURATION_BUILD_DIR}/react-native-maps\"",
					"\"${PODS_CONFIGURATION_BUILD_DIR}/react-native-safe-area-context\"",
					"\"${PODS_CONFIGURATION_BUILD_DIR}/rn-asdk-tinkoff\"",
					"\"${PODS_ROOT}/CardIO/CardIO\"",
				);
				OTHER_LDFLAGS = (
					"$(inherited)",
					"-ObjC",
					"-lc++",
				);
				PRODUCT_BUNDLE_IDENTIFIER = "flowers-delivery-app";
				PRODUCT_NAME = "flowers-delivery-app";
				SWIFT_OBJC_BRIDGING_HEADER = "flowersdeliveryapp/flowersdeliveryapp-Bridging-Header.h";
				SWIFT_VERSION = 5.0;
				TARGETED_DEVICE_FAMILY = 1;
				VERSIONING_SYSTEM = "apple-generic";
			};
			name = Release;
		};
		83CBBA201A601CBA00E9B192 /* Debug */ = {
			isa = XCBuildConfiguration;
			buildSettings = {
				ALWAYS_SEARCH_USER_PATHS = NO;
				CLANG_ANALYZER_LOCALIZABILITY_NONLOCALIZED = YES;
				CLANG_CXX_LANGUAGE_STANDARD = "gnu++0x";
				CLANG_CXX_LIBRARY = "libc++";
				CLANG_ENABLE_MODULES = YES;
				CLANG_ENABLE_OBJC_ARC = YES;
				CLANG_WARN_BLOCK_CAPTURE_AUTORELEASING = YES;
				CLANG_WARN_BOOL_CONVERSION = YES;
				CLANG_WARN_COMMA = YES;
				CLANG_WARN_CONSTANT_CONVERSION = YES;
				CLANG_WARN_DEPRECATED_OBJC_IMPLEMENTATIONS = YES;
				CLANG_WARN_DIRECT_OBJC_ISA_USAGE = YES_ERROR;
				CLANG_WARN_EMPTY_BODY = YES;
				CLANG_WARN_ENUM_CONVERSION = YES;
				CLANG_WARN_INFINITE_RECURSION = YES;
				CLANG_WARN_INT_CONVERSION = YES;
				CLANG_WARN_NON_LITERAL_NULL_CONVERSION = YES;
				CLANG_WARN_OBJC_IMPLICIT_RETAIN_SELF = YES;
				CLANG_WARN_OBJC_LITERAL_CONVERSION = YES;
				CLANG_WARN_OBJC_ROOT_CLASS = YES_ERROR;
				CLANG_WARN_RANGE_LOOP_ANALYSIS = YES;
				CLANG_WARN_STRICT_PROTOTYPES = YES;
				CLANG_WARN_SUSPICIOUS_MOVE = YES;
				CLANG_WARN_UNREACHABLE_CODE = YES;
				CLANG_WARN__DUPLICATE_METHOD_MATCH = YES;
				CODE_SIGN_ENTITLEMENTS = "flowersdeliveryapp/flowers-delivery-app.entitlements";
				"CODE_SIGN_IDENTITY[sdk=iphoneos*]" = "iPhone Developer";
				COPY_PHASE_STRIP = NO;
				ENABLE_STRICT_OBJC_MSGSEND = YES;
				ENABLE_TESTABILITY = YES;
				GCC_C_LANGUAGE_STANDARD = gnu99;
				GCC_DYNAMIC_NO_PIC = NO;
				GCC_NO_COMMON_BLOCKS = YES;
				GCC_OPTIMIZATION_LEVEL = 0;
				GCC_PREPROCESSOR_DEFINITIONS = (
					"DEBUG=1",
					"$(inherited)",
				);
				GCC_SYMBOLS_PRIVATE_EXTERN = NO;
				GCC_WARN_64_TO_32_BIT_CONVERSION = YES;
				GCC_WARN_ABOUT_RETURN_TYPE = YES_ERROR;
				GCC_WARN_UNDECLARED_SELECTOR = YES;
				GCC_WARN_UNINITIALIZED_AUTOS = YES_AGGRESSIVE;
				GCC_WARN_UNUSED_FUNCTION = YES;
				GCC_WARN_UNUSED_VARIABLE = YES;
				IPHONEOS_DEPLOYMENT_TARGET = 11.0;
				LD_RUNPATH_SEARCH_PATHS = "/usr/lib/swift $(inherited)";
				LIBRARY_SEARCH_PATHS = "\"$(inherited)\"";
				MTL_ENABLE_DEBUG_INFO = YES;
				ONLY_ACTIVE_ARCH = YES;
				SDKROOT = iphoneos;
			};
			name = Debug;
		};
		83CBBA211A601CBA00E9B192 /* Release */ = {
			isa = XCBuildConfiguration;
			buildSettings = {
				ALWAYS_SEARCH_USER_PATHS = NO;
				CLANG_ANALYZER_LOCALIZABILITY_NONLOCALIZED = YES;
				CLANG_CXX_LANGUAGE_STANDARD = "gnu++0x";
				CLANG_CXX_LIBRARY = "libc++";
				CLANG_ENABLE_MODULES = YES;
				CLANG_ENABLE_OBJC_ARC = YES;
				CLANG_WARN_BLOCK_CAPTURE_AUTORELEASING = YES;
				CLANG_WARN_BOOL_CONVERSION = YES;
				CLANG_WARN_COMMA = YES;
				CLANG_WARN_CONSTANT_CONVERSION = YES;
				CLANG_WARN_DEPRECATED_OBJC_IMPLEMENTATIONS = YES;
				CLANG_WARN_DIRECT_OBJC_ISA_USAGE = YES_ERROR;
				CLANG_WARN_EMPTY_BODY = YES;
				CLANG_WARN_ENUM_CONVERSION = YES;
				CLANG_WARN_INFINITE_RECURSION = YES;
				CLANG_WARN_INT_CONVERSION = YES;
				CLANG_WARN_NON_LITERAL_NULL_CONVERSION = YES;
				CLANG_WARN_OBJC_IMPLICIT_RETAIN_SELF = YES;
				CLANG_WARN_OBJC_LITERAL_CONVERSION = YES;
				CLANG_WARN_OBJC_ROOT_CLASS = YES_ERROR;
				CLANG_WARN_RANGE_LOOP_ANALYSIS = YES;
				CLANG_WARN_STRICT_PROTOTYPES = YES;
				CLANG_WARN_SUSPICIOUS_MOVE = YES;
				CLANG_WARN_UNREACHABLE_CODE = YES;
				CLANG_WARN__DUPLICATE_METHOD_MATCH = YES;
				CODE_SIGN_ENTITLEMENTS = "flowersdeliveryapp/flowers-delivery-app.entitlements";
				"CODE_SIGN_IDENTITY[sdk=iphoneos*]" = "iPhone Developer";
				COPY_PHASE_STRIP = YES;
				ENABLE_NS_ASSERTIONS = NO;
				ENABLE_STRICT_OBJC_MSGSEND = YES;
				GCC_C_LANGUAGE_STANDARD = gnu99;
				GCC_NO_COMMON_BLOCKS = YES;
				GCC_WARN_64_TO_32_BIT_CONVERSION = YES;
				GCC_WARN_ABOUT_RETURN_TYPE = YES_ERROR;
				GCC_WARN_UNDECLARED_SELECTOR = YES;
				GCC_WARN_UNINITIALIZED_AUTOS = YES_AGGRESSIVE;
				GCC_WARN_UNUSED_FUNCTION = YES;
				GCC_WARN_UNUSED_VARIABLE = YES;
				IPHONEOS_DEPLOYMENT_TARGET = 11.0;
				LD_RUNPATH_SEARCH_PATHS = "/usr/lib/swift $(inherited)";
				LIBRARY_SEARCH_PATHS = "\"$(inherited)\"";
				MTL_ENABLE_DEBUG_INFO = NO;
				SDKROOT = iphoneos;
				VALIDATE_PRODUCT = YES;
			};
			name = Release;
		};
/* End XCBuildConfiguration section */

/* Begin XCConfigurationList section */
		13B07F931A680F5B00A75B9A /* Build configuration list for PBXNativeTarget "flowersdeliveryapp" */ = {
			isa = XCConfigurationList;
			buildConfigurations = (
				13B07F941A680F5B00A75B9A /* Debug */,
				13B07F951A680F5B00A75B9A /* Release */,
			);
			defaultConfigurationIsVisible = 0;
			defaultConfigurationName = Release;
		};
		83CBB9FA1A601CBA00E9B192 /* Build configuration list for PBXProject "flowersdeliveryapp" */ = {
			isa = XCConfigurationList;
			buildConfigurations = (
				83CBBA201A601CBA00E9B192 /* Debug */,
				83CBBA211A601CBA00E9B192 /* Release */,
			);
			defaultConfigurationIsVisible = 0;
			defaultConfigurationName = Release;
		};
/* End XCConfigurationList section */
	};
	rootObject = 83CBB9F71A601CBA00E9B192 /* Project object */;
}
